# THIS IS AN AUTOGENERATED FILE. DO NOT EDIT THIS FILE DIRECTLY.
# yarn lockfile v1


"@babel/helper-validator-identifier@^7.16.7":
  version "7.16.7"
  resolved "https://registry.npmjs.org/@babel/helper-validator-identifier/-/helper-validator-identifier-7.16.7.tgz"
  integrity sha512-hsEnFemeiW4D08A5gUAZxLBTXpZ39P+a+DGDsHw1yxqyQ/jzFEnxf5uTEGp+3bzAbNOxU1paTgYS4ECU/IgfDw==

"@babel/parser@^7.16.4", "@babel/parser@^7.6.0", "@babel/parser@^7.9.6":
  version "7.17.8"
  resolved "https://registry.npmjs.org/@babel/parser/-/parser-7.17.8.tgz"
  integrity sha512-BoHhDJrJXqcg+ZL16Xv39H9n+AqJ4pcDrQBGZN+wHxIysrLZ3/ECwCBUch/1zUNhnsXULcONU3Ei5Hmkfk6kiQ==

"@babel/parser@^7.23.5":
  version "7.23.6"
  resolved "https://registry.yarnpkg.com/@babel/parser/-/parser-7.23.6.tgz#ba1c9e512bda72a47e285ae42aff9d2a635a9e3b"
  integrity sha512-Z2uID7YJ7oNvAI20O9X0bblw7Qqs8Q2hFy0R9tAfnfLkp5MW0UH9eUvnDSnFwKZ0AvgS1ucqR4KzvVHgnke1VQ==

"@babel/types@^7.6.1", "@babel/types@^7.9.6":
  version "7.17.0"
  resolved "https://registry.npmjs.org/@babel/types/-/types-7.17.0.tgz"
  integrity sha512-TmKSNO4D5rzhL5bjWFcVHHLETzfQ/AmbKpKPOSjlP0WoHZ6L911fgoOKY4Alp/emzG4cHJdyN49zpgkbXFEHHw==
  dependencies:
    "@babel/helper-validator-identifier" "^7.16.7"
    to-fast-properties "^2.0.0"

"@emmetio/abbreviation@^2.2.3":
  version "2.2.3"
  resolved "https://registry.npmjs.org/@emmetio/abbreviation/-/abbreviation-2.2.3.tgz"
  integrity sha512-87pltuCPt99aL+y9xS6GPZ+Wmmyhll2WXH73gG/xpGcQ84DRnptBsI2r0BeIQ0EB/SQTOe2ANPqFqj3Rj5FOGA==
  dependencies:
    "@emmetio/scanner" "^1.0.0"

"@emmetio/css-abbreviation@^2.1.4":
  version "2.1.4"
  resolved "https://registry.npmjs.org/@emmetio/css-abbreviation/-/css-abbreviation-2.1.4.tgz"
  integrity sha512-qk9L60Y+uRtM5CPbB0y+QNl/1XKE09mSO+AhhSauIfr2YOx/ta3NJw2d8RtCFxgzHeRqFRr8jgyzThbu+MZ4Uw==
  dependencies:
    "@emmetio/scanner" "^1.0.0"

"@emmetio/scanner@^1.0.0":
  version "1.0.0"
  resolved "https://registry.npmjs.org/@emmetio/scanner/-/scanner-1.0.0.tgz"
  integrity sha512-8HqW8EVqjnCmWXVpqAOZf+EGESdkR27odcMMMGefgKXtar00SoYNSryGv//TELI4T3QFsECo78p+0lmalk/CFA==

"@jridgewell/sourcemap-codec@^1.4.15":
  version "1.4.15"
  resolved "https://registry.yarnpkg.com/@jridgewell/sourcemap-codec/-/sourcemap-codec-1.4.15.tgz#d7c6e6755c78567a951e04ab52ef0fd26de59f32"
  integrity sha512-eF2rxCRulEKXHTRiDrDy6erMYWqNw4LPdQ8UQA4huuxaQsVeRPFl2oM8oDGxMFhJUWZf9McpLtJasDDZb/Bpeg==

"@vitejs/plugin-vue@^2.3.0":
  version "2.3.1"
  resolved "https://registry.npmjs.org/@vitejs/plugin-vue/-/plugin-vue-2.3.1.tgz"
  integrity sha512-YNzBt8+jt6bSwpt7LP890U1UcTOIZZxfpE5WOJ638PNxSEKOqAi0+FSKS0nVeukfdZ0Ai/H7AFd6k3hayfGZqQ==

"@volar/code-gen@0.29.8":
  version "0.29.8"
  resolved "https://registry.npmjs.org/@volar/code-gen/-/code-gen-0.29.8.tgz"
  integrity sha512-eohLLUqPChHRPDFT5gXn4V6pr/CeTri7Ou5GI26lUvBRRAbP8p+oYfQRcbMPGeKmVkYjfVj0chsxQGx6T8PQ4Q==
  dependencies:
    "@volar/shared" "0.29.8"
    "@volar/source-map" "0.29.8"

"@volar/html2pug@0.29.8":
  version "0.29.8"
  resolved "https://registry.npmjs.org/@volar/html2pug/-/html2pug-0.29.8.tgz"
  integrity sha512-bhSNXg8A2aD3w0B+CwmHjqCAaKtj5rORbE5C/q/UdGqptJbC6STCmi30KuRTdfPhR++Xb18Hauf3s/WCmtNAPA==
  dependencies:
    domelementtype "^2.2.0"
    domhandler "^4.2.2"
    htmlparser2 "^7.1.2"
    pug "^3.0.2"

"@volar/shared@0.29.8":
  version "0.29.8"
  resolved "https://registry.npmjs.org/@volar/shared/-/shared-0.29.8.tgz"
  integrity sha512-Y1NN6irkIukD+T0wf4p/dHWYL90sacN2e2lYoDXxRlvoYxwANnHgw0J0Rcp+yw58ElWRScdG7/YntEIuZWeJsw==
  dependencies:
    upath "^2.0.1"
    vscode-jsonrpc "^8.0.0-next.2"
    vscode-uri "^3.0.2"

"@volar/source-map@0.29.8":
  version "0.29.8"
  resolved "https://registry.npmjs.org/@volar/source-map/-/source-map-0.29.8.tgz"
  integrity sha512-7w+UoYtnc6UQu30CgMVvx0YN4dzDgP4TIsSmUaW62AGmxU9Lxwp3Kkn/4N8efi91z8ma5Z78v/HddyJPwAC3LA==
  dependencies:
    "@volar/shared" "0.29.8"

"@volar/transforms@0.29.8":
  version "0.29.8"
  resolved "https://registry.npmjs.org/@volar/transforms/-/transforms-0.29.8.tgz"
  integrity sha512-o2hRa8CoDwYTO1Mu5KA47+1elUnYUjDaVhCvbyKlRfd8qpHea2llotArq7B6OORSL2M9DVs1IRJ5NGURBFeZ3Q==
  dependencies:
    "@volar/shared" "0.29.8"
    vscode-languageserver "^8.0.0-next.2"

"@volar/vue-code-gen@0.29.8":
  version "0.29.8"
  resolved "https://registry.npmjs.org/@volar/vue-code-gen/-/vue-code-gen-0.29.8.tgz"
  integrity sha512-E1e7P2oktNC/DzgDBditfla4s8+HlUlluZ+BtcLvEdbkl3QEjujkB0x1wxguWzXmpWgLIDPtrS3Jzll5cCOkTg==
  dependencies:
    "@volar/code-gen" "0.29.8"
    "@volar/shared" "0.29.8"
    "@volar/source-map" "0.29.8"
    "@vue/compiler-core" "^3.2.21"
    "@vue/compiler-dom" "^3.2.21"
    "@vue/shared" "^3.2.21"
    upath "^2.0.1"

"@vscode/emmet-helper@^2.8.0":
  version "2.8.4"
  resolved "https://registry.npmjs.org/@vscode/emmet-helper/-/emmet-helper-2.8.4.tgz"
  integrity sha512-lUki5QLS47bz/U8IlG9VQ+1lfxMtxMZENmU5nu4Z71eOD5j9FK0SmYGL5NiVJg9WBWeAU0VxRADMY2Qpq7BfVg==
  dependencies:
    emmet "^2.3.0"
    jsonc-parser "^2.3.0"
    vscode-languageserver-textdocument "^1.0.1"
    vscode-languageserver-types "^3.15.1"
    vscode-nls "^5.0.0"
    vscode-uri "^2.1.2"

"@vue/compiler-core@3.2.31", "@vue/compiler-core@^3.2.21":
  version "3.2.31"
  resolved "https://registry.npmjs.org/@vue/compiler-core/-/compiler-core-3.2.31.tgz"
  integrity sha512-aKno00qoA4o+V/kR6i/pE+aP+esng5siNAVQ422TkBNM6qA4veXiZbSe8OTXHXquEi/f6Akc+nLfB4JGfe4/WQ==
  dependencies:
    "@babel/parser" "^7.16.4"
    "@vue/shared" "3.2.31"
    estree-walker "^2.0.2"
    source-map "^0.6.1"

"@vue/compiler-core@3.3.13":
  version "3.3.13"
  resolved "https://registry.yarnpkg.com/@vue/compiler-core/-/compiler-core-3.3.13.tgz#b3d5f8f84caee5de3f31d95cb568d899fd19c599"
  integrity sha512-bwi9HShGu7uaZLOErZgsH2+ojsEdsjerbf2cMXPwmvcgZfVPZ2BVZzCVnwZBxTAYd6Mzbmf6izcUNDkWnBBQ6A==
  dependencies:
    "@babel/parser" "^7.23.5"
    "@vue/shared" "3.3.13"
    estree-walker "^2.0.2"
    source-map-js "^1.0.2"

"@vue/compiler-dom@3.3.13":
  version "3.3.13"
  resolved "https://registry.yarnpkg.com/@vue/compiler-dom/-/compiler-dom-3.3.13.tgz#d029e222e545e7ab00be35aafd3abed167f962bf"
  integrity sha512-EYRDpbLadGtNL0Gph+HoKiYqXLqZ0xSSpR5Dvnu/Ep7ggaCbjRDIus1MMxTS2Qm0koXED4xSlvTZaTnI8cYAsw==
  dependencies:
    "@vue/compiler-core" "3.3.13"
    "@vue/shared" "3.3.13"

"@vue/compiler-dom@^3.2.21":
  version "3.2.31"
  resolved "https://registry.npmjs.org/@vue/compiler-dom/-/compiler-dom-3.2.31.tgz"
  integrity sha512-60zIlFfzIDf3u91cqfqy9KhCKIJgPeqxgveH2L+87RcGU/alT6BRrk5JtUso0OibH3O7NXuNOQ0cDc9beT0wrg==
  dependencies:
    "@vue/compiler-core" "3.2.31"
    "@vue/shared" "3.2.31"

"@vue/compiler-sfc@3.3.13":
  version "3.3.13"
  resolved "https://registry.yarnpkg.com/@vue/compiler-sfc/-/compiler-sfc-3.3.13.tgz#7b397acefd5c0c3808701d2855be88c4be60155c"
  integrity sha512-DQVmHEy/EKIgggvnGRLx21hSqnr1smUS9Aq8tfxiiot8UR0/pXKHN9k78/qQ7etyQTFj5em5nruODON7dBeumw==
  dependencies:
    "@babel/parser" "^7.23.5"
    "@vue/compiler-core" "3.3.13"
    "@vue/compiler-dom" "3.3.13"
    "@vue/compiler-ssr" "3.3.13"
    "@vue/reactivity-transform" "3.3.13"
    "@vue/shared" "3.3.13"
    estree-walker "^2.0.2"
    magic-string "^0.30.5"
    postcss "^8.4.32"
    source-map-js "^1.0.2"

"@vue/compiler-ssr@3.3.13":
  version "3.3.13"
  resolved "https://registry.yarnpkg.com/@vue/compiler-ssr/-/compiler-ssr-3.3.13.tgz#ad8748abff8d738ac9c6a3c47be42020f0fbaa63"
  integrity sha512-d/P3bCeUGmkJNS1QUZSAvoCIW4fkOKK3l2deE7zrp0ypJEy+En2AcypIkqvcFQOcw3F0zt2VfMvNsA9JmExTaw==
  dependencies:
    "@vue/compiler-dom" "3.3.13"
    "@vue/shared" "3.3.13"

"@vue/devtools-api@^6.0.0":
  version "6.1.4"
  resolved "https://registry.npmjs.org/@vue/devtools-api/-/devtools-api-6.1.4.tgz"
  integrity sha512-IiA0SvDrJEgXvVxjNkHPFfDx6SXw0b/TUkqMcDZWNg9fnCAHbTpoo59YfJ9QLFkwa3raau5vSlRVzMSLDnfdtQ==

"@vue/devtools-api@^6.5.0":
  version "6.5.1"
  resolved "https://registry.yarnpkg.com/@vue/devtools-api/-/devtools-api-6.5.1.tgz#7f71f31e40973eeee65b9a64382b13593fdbd697"
  integrity sha512-+KpckaAQyfbvshdDW5xQylLni1asvNSGme1JFs8I1+/H5pHEhqUKMEQD/qn3Nx5+/nycBq11qAEi8lk+LXI2dA==

"@vue/reactivity-transform@3.3.13":
  version "3.3.13"
  resolved "https://registry.yarnpkg.com/@vue/reactivity-transform/-/reactivity-transform-3.3.13.tgz#dc8e9be961865dc666e367e1aaaea0716afa5c90"
  integrity sha512-oWnydGH0bBauhXvh5KXUy61xr9gKaMbtsMHk40IK9M4gMuKPJ342tKFarY0eQ6jef8906m35q37wwA8DMZOm5Q==
  dependencies:
    "@babel/parser" "^7.23.5"
    "@vue/compiler-core" "3.3.13"
    "@vue/shared" "3.3.13"
    estree-walker "^2.0.2"
    magic-string "^0.30.5"

"@vue/reactivity@3.3.13":
  version "3.3.13"
  resolved "https://registry.yarnpkg.com/@vue/reactivity/-/reactivity-3.3.13.tgz#9b1dff3b523a69997b66cba2f86f83839e8285fb"
  integrity sha512-fjzCxceMahHhi4AxUBzQqqVhuA21RJ0COaWTbIBl1PruGW1CeY97louZzLi4smpYx+CHfFPPU/CS8NybbGvPKQ==
  dependencies:
    "@vue/shared" "3.3.13"

"@vue/reactivity@^3.2.21":
  version "3.2.31"
  resolved "https://registry.npmjs.org/@vue/reactivity/-/reactivity-3.2.31.tgz"
  integrity sha512-HVr0l211gbhpEKYr2hYe7hRsV91uIVGFYNHj73njbARVGHQvIojkImKMaZNDdoDZOIkMsBc9a1sMqR+WZwfSCw==
  dependencies:
    "@vue/shared" "3.2.31"

"@vue/runtime-core@3.3.13":
  version "3.3.13"
  resolved "https://registry.yarnpkg.com/@vue/runtime-core/-/runtime-core-3.3.13.tgz#e8414218e8c7db94acfcec6fd12044704adda9cf"
  integrity sha512-1TzA5TvGuh2zUwMJgdfvrBABWZ7y8kBwBhm7BXk8rvdx2SsgcGfz2ruv2GzuGZNvL1aKnK8CQMV/jFOrxNQUMA==
  dependencies:
    "@vue/reactivity" "3.3.13"
    "@vue/shared" "3.3.13"

"@vue/runtime-dom@3.3.13":
  version "3.3.13"
  resolved "https://registry.yarnpkg.com/@vue/runtime-dom/-/runtime-dom-3.3.13.tgz#36b42b479d5a394972f305ca8e95c5f648bf55ef"
  integrity sha512-JJkpE8R/hJKXqVTgUoODwS5wqKtOsmJPEqmp90PDVGygtJ4C0PtOkcEYXwhiVEmef6xeXcIlrT3Yo5aQ4qkHhQ==
  dependencies:
    "@vue/runtime-core" "3.3.13"
    "@vue/shared" "3.3.13"
    csstype "^3.1.3"

"@vue/server-renderer@3.3.13":
  version "3.3.13"
  resolved "https://registry.yarnpkg.com/@vue/server-renderer/-/server-renderer-3.3.13.tgz#fccdd0787798173be8929f40f23161c17b60ed36"
  integrity sha512-vSnN+nuf6iSqTL3Qgx/9A+BT+0Zf/VJOgF5uMZrKjYPs38GMYyAU1coDyBNHauehXDaP+zl73VhwWv0vBRBHcg==
  dependencies:
    "@vue/compiler-ssr" "3.3.13"
    "@vue/shared" "3.3.13"

"@vue/shared@3.2.31", "@vue/shared@^3.2.21":
  version "3.2.31"
  resolved "https://registry.npmjs.org/@vue/shared/-/shared-3.2.31.tgz"
  integrity sha512-ymN2pj6zEjiKJZbrf98UM2pfDd6F2H7ksKw7NDt/ZZ1fh5Ei39X5tABugtT03ZRlWd9imccoK0hE8hpjpU7irQ==

"@vue/shared@3.3.13":
  version "3.3.13"
  resolved "https://registry.yarnpkg.com/@vue/shared/-/shared-3.3.13.tgz#4cb73cda958d77ffd389c8640cf7d93a10ac676f"
  integrity sha512-/zYUwiHD8j7gKx2argXEMCUXVST6q/21DFU0sTfNX0URJroCe3b1UF6vLJ3lQDfLNIiiRl2ONp7Nh5UVWS6QnA==

acorn@^7.1.1:
  version "7.4.1"
  resolved "https://registry.npmjs.org/acorn/-/acorn-7.4.1.tgz"
  integrity sha512-nQyp0o1/mNdbTO1PO6kHkwSrmgZ0MT/jCCpNiwbUjGoRN4dlBhqJtoQuCnEOKzgTVwg0ZWiCoQy6SxMebQVh8A==

anymatch@~3.1.2:
  version "3.1.3"
  resolved "https://registry.yarnpkg.com/anymatch/-/anymatch-3.1.3.tgz#790c58b19ba1720a84205b57c618d5ad8524973e"
  integrity sha512-KMReFUr0B4t+D+OBkjR3KYqvocp2XaSzO55UcB6mgQMd3KbcE+mWTyvVV7D/zsdEbNnV6acZUutkiHQXvTr1Rw==
  dependencies:
    normalize-path "^3.0.0"
    picomatch "^2.0.4"

asap@~2.0.3:
  version "2.0.6"
  resolved "https://registry.npmjs.org/asap/-/asap-2.0.6.tgz"
  integrity sha1-5QNHYR1+aQlDIIu9r+vLwvuGbUY=

assert-never@^1.2.1:
  version "1.2.1"
  resolved "https://registry.npmjs.org/assert-never/-/assert-never-1.2.1.tgz"
  integrity sha512-TaTivMB6pYI1kXwrFlEhLeGfOqoDNdTxjCdwRfFFkEA30Eu+k48W34nlok2EYWJfFFzqaEmichdNM7th6M5HNw==

babel-walk@3.0.0-canary-5:
  version "3.0.0-canary-5"
  resolved "https://registry.npmjs.org/babel-walk/-/babel-walk-3.0.0-canary-5.tgz"
  integrity sha512-GAwkz0AihzY5bkwIY5QDR+LvsRQgB/B+1foMPvi0FZPMl5fjD7ICiznUiBdLYMH1QYe6vqu4gWYytZOccLouFw==
  dependencies:
    "@babel/types" "^7.9.6"

binary-extensions@^2.0.0:
  version "2.2.0"
  resolved "https://registry.yarnpkg.com/binary-extensions/-/binary-extensions-2.2.0.tgz#75f502eeaf9ffde42fc98829645be4ea76bd9e2d"
  integrity sha512-jDctJ/IVQbZoJykoeHbhXpOlNBqGNcwXJKJog42E5HDPUwQTSdjCHdihjj0DlnheQ7blbT6dHOafNAiS8ooQKA==

braces@~3.0.2:
  version "3.0.2"
  resolved "https://registry.yarnpkg.com/braces/-/braces-3.0.2.tgz#3454e1a462ee8d599e236df336cd9ea4f8afe107"
  integrity sha512-b8um+L1RzM3WDSzvhm6gIz1yfTbBt6YTlcEKAvsmqCZZFw46z626lVj9j1yEPW33H5H+lBQpZMP1k8l+78Ha0A==
  dependencies:
    fill-range "^7.0.1"

call-bind@^1.0.2:
  version "1.0.2"
  resolved "https://registry.npmjs.org/call-bind/-/call-bind-1.0.2.tgz"
  integrity sha512-7O+FbCihrB5WGbFYesctwmTKae6rOiIzmz1icreWJ+0aA7LJfuqhEso2T9ncpcFtzMQtzXf2QGGueWJGTYsqrA==
  dependencies:
    function-bind "^1.1.1"
    get-intrinsic "^1.0.2"

character-parser@^2.2.0:
  version "2.2.0"
  resolved "https://registry.npmjs.org/character-parser/-/character-parser-2.2.0.tgz"
  integrity sha1-x84o821LzZdE5f/CxfzeHHMmH8A=
  dependencies:
    is-regex "^1.0.3"

"chokidar@>=3.0.0 <4.0.0":
  version "3.5.3"
  resolved "https://registry.yarnpkg.com/chokidar/-/chokidar-3.5.3.tgz#1cf37c8707b932bd1af1ae22c0432e2acd1903bd"
  integrity sha512-Dr3sfKRP6oTcjf2JmUmFJfeVMvXBdegxB0iVQ5eb2V10uFJUCAS8OByZdVAyVb8xXNz3GjjTgj9kLWsZTqE6kw==
  dependencies:
    anymatch "~3.1.2"
    braces "~3.0.2"
    glob-parent "~5.1.2"
    is-binary-path "~2.1.0"
    is-glob "~4.0.1"
    normalize-path "~3.0.0"
    readdirp "~3.6.0"
  optionalDependencies:
    fsevents "~2.3.2"

constantinople@^4.0.1:
  version "4.0.1"
  resolved "https://registry.npmjs.org/constantinople/-/constantinople-4.0.1.tgz"
  integrity sha512-vCrqcSIq4//Gx74TXXCGnHpulY1dskqLTFGDmhrGxzeXL8lF8kvXv6mpNWlJj1uD4DW23D4ljAqbY4RRaaUZIw==
  dependencies:
    "@babel/parser" "^7.6.0"
    "@babel/types" "^7.6.1"

csstype@^3.1.3:
  version "3.1.3"
  resolved "https://registry.yarnpkg.com/csstype/-/csstype-3.1.3.tgz#d80ff294d114fb0e6ac500fbf85b60137d7eff81"
  integrity sha512-M1uQkMl8rQK/szD0LNhtqxIPLpimGm8sOBwU7lLnCpSbTyY3yeU1Vc7l4KT5zT4s/yOxHH5O7tIuuLOCnLADRw==

doctypes@^1.1.0:
  version "1.1.0"
  resolved "https://registry.npmjs.org/doctypes/-/doctypes-1.1.0.tgz"
  integrity sha1-6oCxBqh1OHdOijpKWv4pPeSJ4Kk=

dom-serializer@^1.0.1:
  version "1.3.2"
  resolved "https://registry.npmjs.org/dom-serializer/-/dom-serializer-1.3.2.tgz"
  integrity sha512-5c54Bk5Dw4qAxNOI1pFEizPSjVsx5+bpJKmL2kPn8JhBUq2q09tTCa3mjijun2NfK78NMouDYNMBkOrPZiS+ig==
  dependencies:
    domelementtype "^2.0.1"
    domhandler "^4.2.0"
    entities "^2.0.0"

domelementtype@^2.0.1, domelementtype@^2.2.0:
  version "2.2.0"
  resolved "https://registry.npmjs.org/domelementtype/-/domelementtype-2.2.0.tgz"
  integrity sha512-DtBMo82pv1dFtUmHyr48beiuq792Sxohr+8Hm9zoxklYPfa6n0Z3Byjj2IV7bmr2IyqClnqEQhfgHJJ5QF0R5A==

domhandler@^4.2.0, domhandler@^4.2.2:
  version "4.3.1"
  resolved "https://registry.npmjs.org/domhandler/-/domhandler-4.3.1.tgz"
  integrity sha512-GrwoxYN+uWlzO8uhUXRl0P+kHE4GtVPfYzVLcUxPL7KNdHKj66vvlhiweIHqYYXWlw+T8iLMp42Lm67ghw4WMQ==
  dependencies:
    domelementtype "^2.2.0"

domutils@^2.8.0:
  version "2.8.0"
  resolved "https://registry.npmjs.org/domutils/-/domutils-2.8.0.tgz"
  integrity sha512-w96Cjofp72M5IIhpjgobBimYEfoPjx1Vx0BSX9P30WBdZW2WIKU0T1Bd0kz2eNZ9ikjKgHbEyKx8BB6H1L3h3A==
  dependencies:
    dom-serializer "^1.0.1"
    domelementtype "^2.2.0"
    domhandler "^4.2.0"

emmet@^2.3.0:
  version "2.3.6"
  resolved "https://registry.npmjs.org/emmet/-/emmet-2.3.6.tgz"
  integrity sha512-pLS4PBPDdxuUAmw7Me7+TcHbykTsBKN/S9XJbUOMFQrNv9MoshzyMFK/R57JBm94/6HSL4vHnDeEmxlC82NQ4A==
  dependencies:
    "@emmetio/abbreviation" "^2.2.3"
    "@emmetio/css-abbreviation" "^2.1.4"

entities@^2.0.0:
  version "2.2.0"
  resolved "https://registry.npmjs.org/entities/-/entities-2.2.0.tgz"
  integrity sha512-p92if5Nz619I0w+akJrLZH0MX0Pb5DX39XOwQTtXSdQQOaYH03S1uIQp4mhOZtAXrxq4ViO67YTiLBo2638o9A==

entities@^3.0.1:
  version "3.0.1"
  resolved "https://registry.npmjs.org/entities/-/entities-3.0.1.tgz"
  integrity sha512-WiyBqoomrwMdFG1e0kqvASYfnlb0lp8M5o5Fw2OFq1hNZxxcNk8Ik0Xm7LxzBhuidnZB/UtBqVCgUz3kBOP51Q==

esbuild-android-64@0.14.30:
  version "0.14.30"
  resolved "https://registry.yarnpkg.com/esbuild-android-64/-/esbuild-android-64-0.14.30.tgz#9efcdb3d826b9c67705a0c518d361ab44ae4cc5b"
  integrity sha512-vdJ7t8A8msPfKpYUGUV/KaTQRiZ0vDa2XSTlzXVkGGVHLKPeb85PBUtYJcEgw3htW3IdX5i1t1IMdQCwJJgNAg==

esbuild-android-arm64@0.14.30:
  version "0.14.30"
  resolved "https://registry.yarnpkg.com/esbuild-android-arm64/-/esbuild-android-arm64-0.14.30.tgz#7b90fa7578b94da047e0bf3da477cb5775b58664"
  integrity sha512-BdgGfxeA5hBQNErLr7BWJUA8xjflEfyaARICy8e0OJYNSAwDbEzOf8LyiKWSrDcgV129mWhi3VpbNQvOIDEHcg==

esbuild-darwin-64@0.14.30:
  version "0.14.30"
  resolved "https://registry.npmjs.org/esbuild-darwin-64/-/esbuild-darwin-64-0.14.30.tgz"
  integrity sha512-VRaOXMMrsG5n53pl4qFZQdXy2+E0NoLP/QH3aDUI0+bQP+ZHDmbINKcDy2IX7GVFI9kqPS18iJNAs5a6/G2LZg==

esbuild-darwin-arm64@0.14.30:
  version "0.14.30"
  resolved "https://registry.yarnpkg.com/esbuild-darwin-arm64/-/esbuild-darwin-arm64-0.14.30.tgz#c2b8fe03fb0dcee1d227b226c9c921de71e4d411"
  integrity sha512-qDez+fHMOrO9Oc9qjt/x+sy09RJVh62kik5tVybKRLmezeV4qczM9/sAYY57YN0aWLdHbcCj2YqJUWYJNsgKnw==

esbuild-freebsd-64@0.14.30:
  version "0.14.30"
  resolved "https://registry.yarnpkg.com/esbuild-freebsd-64/-/esbuild-freebsd-64-0.14.30.tgz#328bb272ce6cfcae202b6e0a06c240036335cc91"
  integrity sha512-mec1jENcImVVagddZlGWsdAUwBnzR5cgnhzCxv+9fSMxKbx1uZYLLUAnLPp8m/i934zrumR1xGjJ5VoWdPlI2w==

esbuild-freebsd-arm64@0.14.30:
  version "0.14.30"
  resolved "https://registry.yarnpkg.com/esbuild-freebsd-arm64/-/esbuild-freebsd-arm64-0.14.30.tgz#49ce79fa7d7087a941e27432da46bafb5b35a979"
  integrity sha512-cpjbTs6Iok/AfeB0JgTzyUJTMStC1SQULmany5nHx6S4GTkSgaAHuJzZO0GcVWqghI4e0YL/bjXAhN5Mn6feNw==

esbuild-linux-32@0.14.30:
  version "0.14.30"
  resolved "https://registry.yarnpkg.com/esbuild-linux-32/-/esbuild-linux-32-0.14.30.tgz#c473299f5291130f6d4436808603b529ccbfa785"
  integrity sha512-liIONVT4F2kZmOMwtwASqZ8WkIjb5HHBR9HUffdHiuotSTF3CyZO+EJf+Og+SYYuuVIvt0qHNSFjBA/iSESteQ==

esbuild-linux-64@0.14.30:
  version "0.14.30"
  resolved "https://registry.yarnpkg.com/esbuild-linux-64/-/esbuild-linux-64-0.14.30.tgz#b4be59f0665a44574a7617c9db673943da6061f8"
  integrity sha512-LUnpzoMpRqFON5En4qEj6NWiyH6a1K+Y2qYNKrCy5qPTjDoG/EWeqMz69n8Uv7pRuvDKl3FNGJ1dufTrA5i0sw==

esbuild-linux-arm64@0.14.30:
  version "0.14.30"
  resolved "https://registry.yarnpkg.com/esbuild-linux-arm64/-/esbuild-linux-arm64-0.14.30.tgz#78485a9f49858ea69ced85c3dd0fe58d354f20f8"
  integrity sha512-DHZHn6FK5q/KL0fpNT/0jE38Nnyk2rXxKE9WENi95EXtqfOLPgE8tzjTZQNgpr61R95QX4ymQU26ni3IZk8buQ==

esbuild-linux-arm@0.14.30:
  version "0.14.30"
  resolved "https://registry.yarnpkg.com/esbuild-linux-arm/-/esbuild-linux-arm-0.14.30.tgz#00392bbe04ac687dd6d9849ecee302bc27f984f2"
  integrity sha512-97T+bbXnpqf7mfIG49UR7ZSJFGgvc22byn74qw3Kx2GDCBSQoVFjyWuKOHGXp8nXk3XYrdFF+mQ8yQ7aNsgQvg==

esbuild-linux-mips64le@0.14.30:
  version "0.14.30"
  resolved "https://registry.yarnpkg.com/esbuild-linux-mips64le/-/esbuild-linux-mips64le-0.14.30.tgz#cf48a292037c3a9ca3ca84ec0ae4f47bf1247ab4"
  integrity sha512-fLUzTFZ7uknC0aPTk7/lM7NmaG/9ZqE3SaHEphcaM009SZK/mDOvZugWi1ss6WGNhk13dUrhkfHcc4FSb9hYhg==

esbuild-linux-ppc64le@0.14.30:
  version "0.14.30"
  resolved "https://registry.yarnpkg.com/esbuild-linux-ppc64le/-/esbuild-linux-ppc64le-0.14.30.tgz#8e448a54e7040829ee9ecfc68dab0f3a039b1cff"
  integrity sha512-2Oudm2WEfj0dNU9bzIl5L/LrsMEmHWsOsYgJJqu8fDyUDgER+J1d33qz3cUdjsJk7gAENayIxDSpsuCszx0w3A==

esbuild-linux-riscv64@0.14.30:
  version "0.14.30"
  resolved "https://registry.yarnpkg.com/esbuild-linux-riscv64/-/esbuild-linux-riscv64-0.14.30.tgz#118af007f21adb00c4362d5eda3f004290f4d0ef"
  integrity sha512-RPMucPW47rV4t2jlelaE948iCRtbZf5RhifxSwzlpM1Mqdyu99MMNK0w4jFreGTmLN+oGomxIOxD6n+2E/XqHw==

esbuild-linux-s390x@0.14.30:
  version "0.14.30"
  resolved "https://registry.yarnpkg.com/esbuild-linux-s390x/-/esbuild-linux-s390x-0.14.30.tgz#e0649e26d8791bf6265685842dcef732de59b49b"
  integrity sha512-OZ68r7ok6qO7hdwrwQn2p5jbIRRcUcVaAykB7e0uCA0ODwfeGunILM6phJtq2Oz4dlEEFvd+tSuma3paQKwt+A==

esbuild-netbsd-64@0.14.30:
  version "0.14.30"
  resolved "https://registry.yarnpkg.com/esbuild-netbsd-64/-/esbuild-netbsd-64-0.14.30.tgz#7653db21ab4379a1b557f338b040e3493ff5006c"
  integrity sha512-iyejQUKn0TzpPkufq8pSCxOg9NheycQbMbPCmjefTe9wYuUlBt1TcHvdoJnYbQzsAhAh1BNq+s0ycRsIJFZzaQ==

esbuild-openbsd-64@0.14.30:
  version "0.14.30"
  resolved "https://registry.yarnpkg.com/esbuild-openbsd-64/-/esbuild-openbsd-64-0.14.30.tgz#3fad1699cb2ca7a060585356e2881df7b3fa5bb1"
  integrity sha512-UyK1MTMcy4j5fH260fsE1o6MVgWNhb62eCK2yCKCRazZv8Nqdc2WiP9ygjWidmEdCDS+A6MuVp9ozk9uoQtQpA==

esbuild-sunos-64@0.14.30:
  version "0.14.30"
  resolved "https://registry.yarnpkg.com/esbuild-sunos-64/-/esbuild-sunos-64-0.14.30.tgz#2306a178dc2362cf32fc182327c21b49b78ca1a3"
  integrity sha512-aQRtRTNKHB4YuG+xXATe5AoRTNY48IJg5vjE8ElxfmjO9+KdX7MHFkTLhlKevCD6rNANtB3qOlSIeAiXTwHNqw==

esbuild-windows-32@0.14.30:
  version "0.14.30"
  resolved "https://registry.yarnpkg.com/esbuild-windows-32/-/esbuild-windows-32-0.14.30.tgz#ea17b2a9468e346734f926a7edd49de3cc81d12f"
  integrity sha512-9/fb1tPtpacMqxAXp3fGHowUDg/l9dVch5hKmCLEZC6PdGljh6h372zMdJwYfH0Bd5CCPT0Wx95uycBLJiqpXA==

esbuild-windows-64@0.14.30:
  version "0.14.30"
  resolved "https://registry.yarnpkg.com/esbuild-windows-64/-/esbuild-windows-64-0.14.30.tgz#266147f1f45974ac61dece10ab32bc916050dcc2"
  integrity sha512-DHgITeUhPAnN9I5O6QBa1GVyPOhiYCn4S4TtQr7sO4+X0LNyqnlmA1M0qmGkUdDC1QQfjI8uQ4G/whdWb2pWIQ==

esbuild-windows-arm64@0.14.30:
  version "0.14.30"
  resolved "https://registry.yarnpkg.com/esbuild-windows-arm64/-/esbuild-windows-arm64-0.14.30.tgz#8e5e9c2455bffaf3e1a387eee4841f5c3797b8a8"
  integrity sha512-F1kLyQH7zSgjh5eLxogGZN7C9+KNs9m+s7Q6WZoMmCWT/6j998zlaoECHyM8izJRRfsvw2eZlEa1jO6/IOU1AQ==

esbuild@^0.14.27:
  version "0.14.30"
  resolved "https://registry.npmjs.org/esbuild/-/esbuild-0.14.30.tgz"
  integrity sha512-wCecQSBkIjp2xjuXY+wcXS/PpOQo9rFh4NAKPh4Pm9f3fuLcnxkR0rDzA+mYP88FtXIUcXUyYmaIgfrzRl55jA==
  optionalDependencies:
    esbuild-android-64 "0.14.30"
    esbuild-android-arm64 "0.14.30"
    esbuild-darwin-64 "0.14.30"
    esbuild-darwin-arm64 "0.14.30"
    esbuild-freebsd-64 "0.14.30"
    esbuild-freebsd-arm64 "0.14.30"
    esbuild-linux-32 "0.14.30"
    esbuild-linux-64 "0.14.30"
    esbuild-linux-arm "0.14.30"
    esbuild-linux-arm64 "0.14.30"
    esbuild-linux-mips64le "0.14.30"
    esbuild-linux-ppc64le "0.14.30"
    esbuild-linux-riscv64 "0.14.30"
    esbuild-linux-s390x "0.14.30"
    esbuild-netbsd-64 "0.14.30"
    esbuild-openbsd-64 "0.14.30"
    esbuild-sunos-64 "0.14.30"
    esbuild-windows-32 "0.14.30"
    esbuild-windows-64 "0.14.30"
    esbuild-windows-arm64 "0.14.30"

estree-walker@^2.0.2:
  version "2.0.2"
  resolved "https://registry.npmjs.org/estree-walker/-/estree-walker-2.0.2.tgz"
  integrity sha512-Rfkk/Mp/DL7JVje3u18FxFujQlTNR2q6QfMSMB7AvCBx91NGj/ba3kCfza0f6dVDbw7YlRf/nDrn7pQrCCyQ/w==

fill-range@^7.0.1:
  version "7.0.1"
  resolved "https://registry.yarnpkg.com/fill-range/-/fill-range-7.0.1.tgz#1919a6a7c75fe38b2c7c77e5198535da9acdda40"
  integrity sha512-qOo9F+dMUmC2Lcb4BbVvnKJxTPjCm+RRpe4gDuGrzkL7mEVl/djYSu2OdQ2Pa302N4oqkSg9ir6jaLWJ2USVpQ==
  dependencies:
    to-regex-range "^5.0.1"

fsevents@~2.3.2:
  version "2.3.2"
  resolved "https://registry.npmjs.org/fsevents/-/fsevents-2.3.2.tgz"
  integrity sha512-xiqMQR4xAeHTuB9uWm+fFRcIOgKBMiOBP+eXiyT7jsgVCq1bkVygt00oASowB7EdtpOHaaPgKt812P9ab+DDKA==

function-bind@^1.1.1:
  version "1.1.1"
  resolved "https://registry.npmjs.org/function-bind/-/function-bind-1.1.1.tgz"
  integrity sha512-yIovAzMX49sF8Yl58fSCWJ5svSLuaibPxXQJFLmBObTuCr0Mf1KiPopGM9NiFjiYBCbfaa2Fh6breQ6ANVTI0A==

get-intrinsic@^1.0.2:
  version "1.1.1"
  resolved "https://registry.npmjs.org/get-intrinsic/-/get-intrinsic-1.1.1.tgz"
  integrity sha512-kWZrnVM42QCiEA2Ig1bG8zjoIMOgxWwYCEeNdwY6Tv/cOSeGpcoX4pXHfKUxNKVoArnrEr2e9srnAxxGIraS9Q==
  dependencies:
    function-bind "^1.1.1"
    has "^1.0.3"
    has-symbols "^1.0.1"

glob-parent@~5.1.2:
  version "5.1.2"
  resolved "https://registry.yarnpkg.com/glob-parent/-/glob-parent-5.1.2.tgz#869832c58034fe68a4093c17dc15e8340d8401c4"
  integrity sha512-AOIgSQCepiJYwP3ARnGx+5VnTu2HBYdzbGP45eLw1vr3zB3vZLeyed1sC9hnbcOc9/SrMyM5RPQrkGz4aS9Zow==
  dependencies:
    is-glob "^4.0.1"

has-symbols@^1.0.1, has-symbols@^1.0.2:
  version "1.0.3"
  resolved "https://registry.npmjs.org/has-symbols/-/has-symbols-1.0.3.tgz"
  integrity sha512-l3LCuF6MgDNwTDKkdYGEihYjt5pRPbEg46rtlmnSPlUbgmB8LOIrKJbYYFBSbnPaJexMKtiPO8hmeRjRz2Td+A==

has-tostringtag@^1.0.0:
  version "1.0.0"
  resolved "https://registry.npmjs.org/has-tostringtag/-/has-tostringtag-1.0.0.tgz"
  integrity sha512-kFjcSNhnlGV1kyoGk7OXKSawH5JOb/LzUc5w9B02hOTO0dfFRjbHQKvg1d6cf3HbeUmtU9VbbV3qzZ2Teh97WQ==
  dependencies:
    has-symbols "^1.0.2"

has@^1.0.3:
  version "1.0.3"
  resolved "https://registry.npmjs.org/has/-/has-1.0.3.tgz"
  integrity sha512-f2dvO0VU6Oej7RkWJGrehjbzMAjFp5/VKPp5tTpWIV4JHHZK1/BxbFRtf/siA2SWTe09caDmVtYYzWEIbBS4zw==
  dependencies:
    function-bind "^1.1.1"

htmlparser2@^7.1.2:
  version "7.2.0"
  resolved "https://registry.npmjs.org/htmlparser2/-/htmlparser2-7.2.0.tgz"
  integrity sha512-H7MImA4MS6cw7nbyURtLPO1Tms7C5H602LRETv95z1MxO/7CP7rDVROehUYeYBUYEON94NXXDEPmZuq+hX4sog==
  dependencies:
    domelementtype "^2.0.1"
    domhandler "^4.2.2"
    domutils "^2.8.0"
    entities "^3.0.1"

immutable@^4.0.0:
  version "4.3.4"
  resolved "https://registry.yarnpkg.com/immutable/-/immutable-4.3.4.tgz#2e07b33837b4bb7662f288c244d1ced1ef65a78f"
  integrity sha512-fsXeu4J4i6WNWSikpI88v/PcVflZz+6kMhUfIwc5SY+poQRPnaf5V7qds6SUyUN3cVxEzuCab7QIoLOQ+DQ1wA==

is-binary-path@~2.1.0:
  version "2.1.0"
  resolved "https://registry.yarnpkg.com/is-binary-path/-/is-binary-path-2.1.0.tgz#ea1f7f3b80f064236e83470f86c09c254fb45b09"
  integrity sha512-ZMERYes6pDydyuGidse7OsHxtbI7WVeUEozgR/g7rd0xUimYNlvZRE/K2MgZTjWy725IfelLeVcEM97mmtRGXw==
  dependencies:
    binary-extensions "^2.0.0"

is-core-module@^2.8.1:
  version "2.8.1"
  resolved "https://registry.npmjs.org/is-core-module/-/is-core-module-2.8.1.tgz"
  integrity sha512-SdNCUs284hr40hFTFP6l0IfZ/RSrMXF3qgoRHd3/79unUTvrFO/JoXwkGm+5J/Oe3E/b5GsnG330uUNgRpu1PA==
  dependencies:
    has "^1.0.3"

is-expression@^4.0.0:
  version "4.0.0"
  resolved "https://registry.npmjs.org/is-expression/-/is-expression-4.0.0.tgz"
  integrity sha512-zMIXX63sxzG3XrkHkrAPvm/OVZVSCPNkwMHU8oTX7/U3AL78I0QXCEICXUM13BIa8TYGZ68PiTKfQz3yaTNr4A==
  dependencies:
    acorn "^7.1.1"
    object-assign "^4.1.1"

is-extglob@^2.1.1:
  version "2.1.1"
  resolved "https://registry.yarnpkg.com/is-extglob/-/is-extglob-2.1.1.tgz#a88c02535791f02ed37c76a1b9ea9773c833f8c2"
  integrity sha512-SbKbANkN603Vi4jEZv49LeVJMn4yGwsbzZworEoyEiutsN3nJYdbO36zfhGJ6QEDpOZIFkDtnq5JRxmvl3jsoQ==

is-glob@^4.0.1, is-glob@~4.0.1:
  version "4.0.3"
  resolved "https://registry.yarnpkg.com/is-glob/-/is-glob-4.0.3.tgz#64f61e42cbbb2eec2071a9dac0b28ba1e65d5084"
  integrity sha512-xelSayHH36ZgE7ZWhli7pW34hNbNl8Ojv5KVmkJD4hBdD3th8Tfk9vYasLM+mXWOZhFkgZfxhLSnrwRr4elSSg==
  dependencies:
    is-extglob "^2.1.1"

is-number@^7.0.0:
  version "7.0.0"
  resolved "https://registry.yarnpkg.com/is-number/-/is-number-7.0.0.tgz#7535345b896734d5f80c4d06c50955527a14f12b"
  integrity sha512-41Cifkg6e8TylSpdtTpeLVMqvSBEVzTttHvERD741+pnZ8ANv0004MRL43QKPDlK9cGvNp6NZWZUBlbGXYxxng==

is-promise@^2.0.0:
  version "2.2.2"
  resolved "https://registry.npmjs.org/is-promise/-/is-promise-2.2.2.tgz"
  integrity sha512-+lP4/6lKUBfQjZ2pdxThZvLUAafmZb8OAxFb8XXtiQmS35INgr85hdOGoEs124ez1FCnZJt6jau/T+alh58QFQ==

is-regex@^1.0.3:
  version "1.1.4"
  resolved "https://registry.npmjs.org/is-regex/-/is-regex-1.1.4.tgz"
  integrity sha512-kvRdxDsxZjhzUX07ZnLydzS1TU/TJlTUHHY4YLL87e37oUA49DfkLqgy+VjFocowy29cKvcSiu+kIv728jTTVg==
  dependencies:
    call-bind "^1.0.2"
    has-tostringtag "^1.0.0"

js-stringify@^1.0.2:
  version "1.0.2"
  resolved "https://registry.npmjs.org/js-stringify/-/js-stringify-1.0.2.tgz"
  integrity sha1-Fzb939lyTyijaCrcYjCufk6Weds=

jsonc-parser@^2.3.0:
  version "2.3.1"
  resolved "https://registry.npmjs.org/jsonc-parser/-/jsonc-parser-2.3.1.tgz"
  integrity sha512-H8jvkz1O50L3dMZCsLqiuB2tA7muqbSg1AtGEkN0leAqGjsUzDJir3Zwr02BhqdcITPg3ei3mZ+HjMocAknhhg==

jsonc-parser@^3.0.0:
  version "3.0.0"
  resolved "https://registry.npmjs.org/jsonc-parser/-/jsonc-parser-3.0.0.tgz"
  integrity sha512-fQzRfAbIBnR0IQvftw9FJveWiHp72Fg20giDrHz6TdfB12UH/uue0D3hm57UB5KgAVuniLMCaS8P1IMj9NR7cA==

jstransformer@1.0.0:
  version "1.0.0"
  resolved "https://registry.npmjs.org/jstransformer/-/jstransformer-1.0.0.tgz"
  integrity sha1-7Yvwkh4vPx7U1cGkT2hwntJHIsM=
  dependencies:
    is-promise "^2.0.0"
    promise "^7.0.1"

lru-cache@^6.0.0:
  version "6.0.0"
  resolved "https://registry.npmjs.org/lru-cache/-/lru-cache-6.0.0.tgz"
  integrity sha512-Jo6dJ04CmSjuznwJSS3pUeWmd/H0ffTlkXXgwZi+eq1UCmqQwCh+eLsYOYCwY991i2Fah4h1BEMCx4qThGbsiA==
  dependencies:
    yallist "^4.0.0"

magic-string@^0.30.5:
  version "0.30.5"
  resolved "https://registry.yarnpkg.com/magic-string/-/magic-string-0.30.5.tgz#1994d980bd1c8835dc6e78db7cbd4ae4f24746f9"
  integrity sha512-7xlpfBaQaP/T6Vh8MO/EqXSW5En6INHEvEXQiuff7Gku0PWjU3uf6w/j9o7O+SpB5fOAkrI5HeoNgwjEO0pFsA==
  dependencies:
    "@jridgewell/sourcemap-codec" "^1.4.15"

nanoid@^3.3.1:
  version "3.3.2"
  resolved "https://registry.npmjs.org/nanoid/-/nanoid-3.3.2.tgz"
  integrity sha512-CuHBogktKwpm5g2sRgv83jEy2ijFzBwMoYA60orPDR7ynsLijJDqgsi4RDGj3OJpy3Ieb+LYwiRmIOGyytgITA==

nanoid@^3.3.7:
  version "3.3.7"
  resolved "https://registry.yarnpkg.com/nanoid/-/nanoid-3.3.7.tgz#d0c301a691bc8d54efa0a2226ccf3fe2fd656bd8"
  integrity sha512-eSRppjcPIatRIMC1U6UngP8XFcz8MQWGQdt1MTBQ7NaAmvXDfvNxbvWV3x2y6CdEUciCSsDHDQZbhYaB8QEo2g==

neo-async@^2.6.2:
  version "2.6.2"
  resolved "https://registry.yarnpkg.com/neo-async/-/neo-async-2.6.2.tgz#b4aafb93e3aeb2d8174ca53cf163ab7d7308305f"
  integrity sha512-Yd3UES5mWCSqR+qNT93S3UoYUkqAZ9lLg8a7g9rimsWmYGK8cVToA4/sF3RrshdyV3sAGMXVUmpMYOw+dLpOuw==

normalize-path@^3.0.0, normalize-path@~3.0.0:
  version "3.0.0"
  resolved "https://registry.yarnpkg.com/normalize-path/-/normalize-path-3.0.0.tgz#0dcd69ff23a1c9b11fd0978316644a0388216a65"
  integrity sha512-6eZs5Ls3WtCisHWp9S2GUy8dqkpGi4BVSz3GaqiE6ezub0512ESztXUwUB6C6IKbQkY2Pnb/mD4WYojCRwcwLA==

object-assign@^4.1.1:
  version "4.1.1"
  resolved "https://registry.npmjs.org/object-assign/-/object-assign-4.1.1.tgz"
  integrity sha1-IQmtx5ZYh8/AXLvUQsrIv7s2CGM=

path-parse@^1.0.7:
  version "1.0.7"
  resolved "https://registry.npmjs.org/path-parse/-/path-parse-1.0.7.tgz"
  integrity sha512-LDJzPVEEEPR+y48z93A0Ed0yXb8pAByGWo/k5YYdYgpY2/2EsOsksJrq7lOHxryrVOn1ejG6oAp8ahvOIQD8sw==

picocolors@^1.0.0:
  version "1.0.0"
  resolved "https://registry.npmjs.org/picocolors/-/picocolors-1.0.0.tgz"
  integrity sha512-1fygroTLlHu66zi26VoTDv8yRgm0Fccecssto+MhsZ0D/DGW2sm8E8AjW7NU5VVTRt5GxbeZ5qBuJr+HyLYkjQ==

picomatch@^2.0.4, picomatch@^2.2.1:
  version "2.3.1"
  resolved "https://registry.yarnpkg.com/picomatch/-/picomatch-2.3.1.tgz#3ba3833733646d9d3e4995946c1365a67fb07a42"
  integrity sha512-JU3teHTNjmE2VCGFzuY8EXzCDVwEqB2a8fsIvwaStHhAWJEeVd1o1QD80CU6+ZdEXXSLbSsuLwJjkCBWqRQUVA==

pinia@2.1:
  version "2.1.7"
  resolved "https://registry.yarnpkg.com/pinia/-/pinia-2.1.7.tgz#4cf5420d9324ca00b7b4984d3fbf693222115bbc"
  integrity sha512-+C2AHFtcFqjPih0zpYuvof37SFxMQ7OEG2zV9jRI12i9BOy3YQVAHwdKtyyc8pDcDyIc33WCIsZaCFWU7WWxGQ==
  dependencies:
    "@vue/devtools-api" "^6.5.0"
    vue-demi ">=0.14.5"

postcss@^8.4.12:
  version "8.4.12"
  resolved "https://registry.npmjs.org/postcss/-/postcss-8.4.12.tgz"
  integrity sha512-lg6eITwYe9v6Hr5CncVbK70SoioNQIq81nsaG86ev5hAidQvmOeETBqs7jm43K2F5/Ley3ytDtriImV6TpNiSg==
  dependencies:
    nanoid "^3.3.1"
    picocolors "^1.0.0"
    source-map-js "^1.0.2"

postcss@^8.4.32:
  version "8.4.32"
  resolved "https://registry.yarnpkg.com/postcss/-/postcss-8.4.32.tgz#1dac6ac51ab19adb21b8b34fd2d93a86440ef6c9"
  integrity sha512-D/kj5JNu6oo2EIy+XL/26JEDTlIbB8hw85G8StOE6L74RQAVVP5rej6wxCNqyMbR4RkPfqvezVbPw81Ngd6Kcw==
  dependencies:
    nanoid "^3.3.7"
    picocolors "^1.0.0"
    source-map-js "^1.0.2"

promise@^7.0.1:
  version "7.3.1"
  resolved "https://registry.npmjs.org/promise/-/promise-7.3.1.tgz"
  integrity sha512-nolQXZ/4L+bP/UGlkfaIujX9BKxGwmQ9OT4mOt5yvy8iK1h3wqTEJCijzGANTCCl9nWjY41juyAn2K3Q1hLLTg==
  dependencies:
    asap "~2.0.3"

pug-attrs@^3.0.0:
  version "3.0.0"
  resolved "https://registry.npmjs.org/pug-attrs/-/pug-attrs-3.0.0.tgz"
  integrity sha512-azINV9dUtzPMFQktvTXciNAfAuVh/L/JCl0vtPCwvOA21uZrC08K/UnmrL+SXGEVc1FwzjW62+xw5S/uaLj6cA==
  dependencies:
    constantinople "^4.0.1"
    js-stringify "^1.0.2"
    pug-runtime "^3.0.0"

pug-code-gen@^3.0.2:
  version "3.0.2"
  resolved "https://registry.npmjs.org/pug-code-gen/-/pug-code-gen-3.0.2.tgz"
  integrity sha512-nJMhW16MbiGRiyR4miDTQMRWDgKplnHyeLvioEJYbk1RsPI3FuA3saEP8uwnTb2nTJEKBU90NFVWJBk4OU5qyg==
  dependencies:
    constantinople "^4.0.1"
    doctypes "^1.1.0"
    js-stringify "^1.0.2"
    pug-attrs "^3.0.0"
    pug-error "^2.0.0"
    pug-runtime "^3.0.0"
    void-elements "^3.1.0"
    with "^7.0.0"

pug-error@^2.0.0:
  version "2.0.0"
  resolved "https://registry.npmjs.org/pug-error/-/pug-error-2.0.0.tgz"
  integrity sha512-sjiUsi9M4RAGHktC1drQfCr5C5eriu24Lfbt4s+7SykztEOwVZtbFk1RRq0tzLxcMxMYTBR+zMQaG07J/btayQ==

pug-filters@^4.0.0:
  version "4.0.0"
  resolved "https://registry.npmjs.org/pug-filters/-/pug-filters-4.0.0.tgz"
  integrity sha512-yeNFtq5Yxmfz0f9z2rMXGw/8/4i1cCFecw/Q7+D0V2DdtII5UvqE12VaZ2AY7ri6o5RNXiweGH79OCq+2RQU4A==
  dependencies:
    constantinople "^4.0.1"
    jstransformer "1.0.0"
    pug-error "^2.0.0"
    pug-walk "^2.0.0"
    resolve "^1.15.1"

pug-lexer@^5.0.1:
  version "5.0.1"
  resolved "https://registry.npmjs.org/pug-lexer/-/pug-lexer-5.0.1.tgz"
  integrity sha512-0I6C62+keXlZPZkOJeVam9aBLVP2EnbeDw3An+k0/QlqdwH6rv8284nko14Na7c0TtqtogfWXcRoFE4O4Ff20w==
  dependencies:
    character-parser "^2.2.0"
    is-expression "^4.0.0"
    pug-error "^2.0.0"

pug-linker@^4.0.0:
  version "4.0.0"
  resolved "https://registry.npmjs.org/pug-linker/-/pug-linker-4.0.0.tgz"
  integrity sha512-gjD1yzp0yxbQqnzBAdlhbgoJL5qIFJw78juN1NpTLt/mfPJ5VgC4BvkoD3G23qKzJtIIXBbcCt6FioLSFLOHdw==
  dependencies:
    pug-error "^2.0.0"
    pug-walk "^2.0.0"

pug-load@^3.0.0:
  version "3.0.0"
  resolved "https://registry.npmjs.org/pug-load/-/pug-load-3.0.0.tgz"
  integrity sha512-OCjTEnhLWZBvS4zni/WUMjH2YSUosnsmjGBB1An7CsKQarYSWQ0GCVyd4eQPMFJqZ8w9xgs01QdiZXKVjk92EQ==
  dependencies:
    object-assign "^4.1.1"
    pug-walk "^2.0.0"

pug-parser@^6.0.0:
  version "6.0.0"
  resolved "https://registry.npmjs.org/pug-parser/-/pug-parser-6.0.0.tgz"
  integrity sha512-ukiYM/9cH6Cml+AOl5kETtM9NR3WulyVP2y4HOU45DyMim1IeP/OOiyEWRr6qk5I5klpsBnbuHpwKmTx6WURnw==
  dependencies:
    pug-error "^2.0.0"
    token-stream "1.0.0"

pug-runtime@^3.0.0, pug-runtime@^3.0.1:
  version "3.0.1"
  resolved "https://registry.npmjs.org/pug-runtime/-/pug-runtime-3.0.1.tgz"
  integrity sha512-L50zbvrQ35TkpHwv0G6aLSuueDRwc/97XdY8kL3tOT0FmhgG7UypU3VztfV/LATAvmUfYi4wNxSajhSAeNN+Kg==

pug-strip-comments@^2.0.0:
  version "2.0.0"
  resolved "https://registry.npmjs.org/pug-strip-comments/-/pug-strip-comments-2.0.0.tgz"
  integrity sha512-zo8DsDpH7eTkPHCXFeAk1xZXJbyoTfdPlNR0bK7rpOMuhBYb0f5qUVCO1xlsitYd3w5FQTK7zpNVKb3rZoUrrQ==
  dependencies:
    pug-error "^2.0.0"

pug-walk@^2.0.0:
  version "2.0.0"
  resolved "https://registry.npmjs.org/pug-walk/-/pug-walk-2.0.0.tgz"
  integrity sha512-yYELe9Q5q9IQhuvqsZNwA5hfPkMJ8u92bQLIMcsMxf/VADjNtEYptU+inlufAFYcWdHlwNfZOEnOOQrZrcyJCQ==

pug@^3.0.2:
  version "3.0.2"
  resolved "https://registry.npmjs.org/pug/-/pug-3.0.2.tgz"
  integrity sha512-bp0I/hiK1D1vChHh6EfDxtndHji55XP/ZJKwsRqrz6lRia6ZC2OZbdAymlxdVFwd1L70ebrVJw4/eZ79skrIaw==
  dependencies:
    pug-code-gen "^3.0.2"
    pug-filters "^4.0.0"
    pug-lexer "^5.0.1"
    pug-linker "^4.0.0"
    pug-load "^3.0.0"
    pug-parser "^6.0.0"
    pug-runtime "^3.0.1"
    pug-strip-comments "^2.0.0"

readdirp@~3.6.0:
  version "3.6.0"
  resolved "https://registry.yarnpkg.com/readdirp/-/readdirp-3.6.0.tgz#74a370bd857116e245b29cc97340cd431a02a6c7"
  integrity sha512-hOS089on8RduqdbhvQ5Z37A0ESjsqz6qnRcffsMU3495FuTdqSm+7bhJ29JvIOsBDEEnan5DPu9t3To9VRlMzA==
  dependencies:
    picomatch "^2.2.1"

request-light@^0.5.4:
  version "0.5.7"
  resolved "https://registry.npmjs.org/request-light/-/request-light-0.5.7.tgz"
  integrity sha512-i/wKzvcx7Er8tZnvqSxWuNO5ZGggu2UgZAqj/RyZ0si7lBTXL7kZiI/dWxzxnQjaY7s5HEy1qK21Do4Ncr6cVw==

resolve@^1.15.1, resolve@^1.22.0:
  version "1.22.0"
  resolved "https://registry.npmjs.org/resolve/-/resolve-1.22.0.tgz"
  integrity sha512-Hhtrw0nLeSrFQ7phPp4OOcVjLPIeMnRlr5mcnVuMe7M/7eBn98A3hmFRLoFo3DLZkivSYwhRUJTyPyWAk56WLw==
  dependencies:
    is-core-module "^2.8.1"
    path-parse "^1.0.7"
    supports-preserve-symlinks-flag "^1.0.0"

rollup@^2.59.0:
  version "2.70.1"
  resolved "https://registry.npmjs.org/rollup/-/rollup-2.70.1.tgz"
  integrity sha512-CRYsI5EuzLbXdxC6RnYhOuRdtz4bhejPMSWjsFLfVM/7w/85n2szZv6yExqUXsBdz5KT8eoubeyDUDjhLHEslA==
  optionalDependencies:
    fsevents "~2.3.2"

sass-loader@^13.3.2:
  version "13.3.2"
  resolved "https://registry.yarnpkg.com/sass-loader/-/sass-loader-13.3.2.tgz#460022de27aec772480f03de17f5ba88fa7e18c6"
  integrity sha512-CQbKl57kdEv+KDLquhC+gE3pXt74LEAzm+tzywcA0/aHZuub8wTErbjAoNI57rPUWRYRNC5WUnNl8eGJNbDdwg==
  dependencies:
    neo-async "^2.6.2"

sass@^1.69.5:
  version "1.69.5"
  resolved "https://registry.yarnpkg.com/sass/-/sass-1.69.5.tgz#23e18d1c757a35f2e52cc81871060b9ad653dfde"
  integrity sha512-qg2+UCJibLr2LCVOt3OlPhr/dqVHWOa9XtZf2OjbLs/T4VPSJ00udtgJxH3neXZm+QqX8B+3cU7RaLqp1iVfcQ==
  dependencies:
    chokidar ">=3.0.0 <4.0.0"
    immutable "^4.0.0"
    source-map-js ">=0.6.2 <2.0.0"

semver@^7.3.5:
  version "7.3.5"
  resolved "https://registry.npmjs.org/semver/-/semver-7.3.5.tgz"
  integrity sha512-PoeGJYh8HK4BTO/a9Tf6ZG3veo/A7ZVsYrSA6J8ny9nb3B1VrpkuN+z9OE5wfE5p6H4LchYZsegiQgbJD94ZFQ==
  dependencies:
    lru-cache "^6.0.0"

"source-map-js@>=0.6.2 <2.0.0", source-map-js@^1.0.2:
  version "1.0.2"
  resolved "https://registry.npmjs.org/source-map-js/-/source-map-js-1.0.2.tgz"
  integrity sha512-R0XvVJ9WusLiqTCEiGCmICCMplcCkIwwR11mOSD9CR5u+IXYdiseeEuXCVAjS54zqwkLcPNnmU4OeJ6tUrWhDw==

source-map@^0.6.1:
  version "0.6.1"
  resolved "https://registry.npmjs.org/source-map/-/source-map-0.6.1.tgz"
  integrity sha512-UjgapumWlbMhkBgzT7Ykc5YXUT46F0iKu8SGXq0bcwP5dz/h0Plj6enJqjz1Zbq2l5WaqYnrVbwWOWMyF3F47g==

supports-preserve-symlinks-flag@^1.0.0:
  version "1.0.0"
  resolved "https://registry.npmjs.org/supports-preserve-symlinks-flag/-/supports-preserve-symlinks-flag-1.0.0.tgz"
  integrity sha512-ot0WnXS9fgdkgIcePe6RHNk1WA8+muPa6cSjeR3V8K27q9BB1rTE3R1p7Hv0z1ZyAc8s6Vvv8DIyWf681MAt0w==

to-fast-properties@^2.0.0:
  version "2.0.0"
  resolved "https://registry.npmjs.org/to-fast-properties/-/to-fast-properties-2.0.0.tgz"
  integrity sha1-3F5pjL0HkmW8c+A3doGk5Og/YW4=

to-regex-range@^5.0.1:
  version "5.0.1"
  resolved "https://registry.yarnpkg.com/to-regex-range/-/to-regex-range-5.0.1.tgz#1648c44aae7c8d988a326018ed72f5b4dd0392e4"
  integrity sha512-65P7iz6X5yEr1cwcgvQxbbIw7Uk3gOy5dIdtZ4rDveLqhrdJP+Li/Hx6tyK0NEb+2GCyneCMJiGqrADCSNk8sQ==
  dependencies:
    is-number "^7.0.0"

token-stream@1.0.0:
  version "1.0.0"
  resolved "https://registry.npmjs.org/token-stream/-/token-stream-1.0.0.tgz"
  integrity sha1-zCAOqyYT9BZtJ/+a/HylbUnfbrQ=

typescript@^4.5.4:
  version "4.6.3"
  resolved "https://registry.npmjs.org/typescript/-/typescript-4.6.3.tgz"
  integrity sha512-yNIatDa5iaofVozS/uQJEl3JRWLKKGJKh6Yaiv0GLGSuhpFJe7P3SbHZ8/yjAHRQwKRoA6YZqlfjXWmVzoVSMw==

upath@^2.0.1:
  version "2.0.1"
  resolved "https://registry.npmjs.org/upath/-/upath-2.0.1.tgz"
  integrity sha512-1uEe95xksV1O0CYKXo8vQvN1JEbtJp7lb7C5U9HMsIp6IVwntkH/oNUzyVNQSd4S1sYk2FpSSW44FqMc8qee5w==

vite@^2.9.0:
  version "2.9.1"
  resolved "https://registry.npmjs.org/vite/-/vite-2.9.1.tgz"
  integrity sha512-vSlsSdOYGcYEJfkQ/NeLXgnRv5zZfpAsdztkIrs7AZHV8RCMZQkwjo4DS5BnrYTqoWqLoUe1Cah4aVO4oNNqCQ==
  dependencies:
    esbuild "^0.14.27"
    postcss "^8.4.12"
    resolve "^1.22.0"
    rollup "^2.59.0"
  optionalDependencies:
    fsevents "~2.3.2"

void-elements@^3.1.0:
  version "3.1.0"
  resolved "https://registry.npmjs.org/void-elements/-/void-elements-3.1.0.tgz"
  integrity sha1-YU9/v42AHwu18GYfWy9XhXUOTwk=

vscode-css-languageservice@^5.1.7:
  version "5.4.1"
  resolved "https://registry.npmjs.org/vscode-css-languageservice/-/vscode-css-languageservice-5.4.1.tgz"
  integrity sha512-W7D3GKFXf97ReAaU4EZ2nxVO1kQhztbycJgc1b/Ipr0h8zYWr88BADmrXu02z+lsCS84D7Sr4hoUzDKeaFn2Kg==
  dependencies:
    vscode-languageserver-textdocument "^1.0.4"
    vscode-languageserver-types "^3.16.0"
    vscode-nls "^5.0.0"
    vscode-uri "^3.0.3"

vscode-html-languageservice@^4.1.0:
  version "4.2.4"
  resolved "https://registry.npmjs.org/vscode-html-languageservice/-/vscode-html-languageservice-4.2.4.tgz"
  integrity sha512-1HqvXKOq9WlZyW4HTD+0XzrjZoZ/YFrgQY2PZqktbRloHXVAUKm6+cAcvZi4YqKPVn05/CK7do+KBHfuSaEdbg==
  dependencies:
    vscode-languageserver-textdocument "^1.0.4"
    vscode-languageserver-types "^3.16.0"
    vscode-nls "^5.0.0"
    vscode-uri "^3.0.3"

vscode-json-languageservice@^4.1.8:
  version "4.2.1"
  resolved "https://registry.npmjs.org/vscode-json-languageservice/-/vscode-json-languageservice-4.2.1.tgz"
  integrity sha512-xGmv9QIWs2H8obGbWg+sIPI/3/pFgj/5OWBhNzs00BkYQ9UaB2F6JJaGB/2/YOZJ3BvLXQTC4Q7muqU25QgAhA==
  dependencies:
    jsonc-parser "^3.0.0"
    vscode-languageserver-textdocument "^1.0.3"
    vscode-languageserver-types "^3.16.0"
    vscode-nls "^5.0.0"
    vscode-uri "^3.0.3"

vscode-jsonrpc@8.0.0-next.7, vscode-jsonrpc@^8.0.0-next.2:
  version "8.0.0-next.7"
  resolved "https://registry.npmjs.org/vscode-jsonrpc/-/vscode-jsonrpc-8.0.0-next.7.tgz"
  integrity sha512-JX/F31LEsims0dAlOTKFE4E+AJMiJvdRSRViifFJSqSN7EzeYyWlfuDchF7g91oRNPZOIWfibTkDf3/UMsQGzQ==

vscode-languageserver-protocol@3.17.0-next.16:
  version "3.17.0-next.16"
  resolved "https://registry.npmjs.org/vscode-languageserver-protocol/-/vscode-languageserver-protocol-3.17.0-next.16.tgz"
  integrity sha512-tx4DnXw9u3N7vw+bx6n2NKp6FoxoNwiP/biH83AS30I2AnTGyLd7afSeH6Oewn2E8jvB7K15bs12sMppkKOVeQ==
  dependencies:
    vscode-jsonrpc "8.0.0-next.7"
    vscode-languageserver-types "3.17.0-next.9"

vscode-languageserver-textdocument@^1.0.1, vscode-languageserver-textdocument@^1.0.3, vscode-languageserver-textdocument@^1.0.4:
  version "1.0.4"
  resolved "https://registry.npmjs.org/vscode-languageserver-textdocument/-/vscode-languageserver-textdocument-1.0.4.tgz"
  integrity sha512-/xhqXP/2A2RSs+J8JNXpiiNVvvNM0oTosNVmQnunlKvq9o4mupHOBAnnzH0lwIPKazXKvAKsVp1kr+H/K4lgoQ==

vscode-languageserver-types@3.17.0-next.9:
  version "3.17.0-next.9"
  resolved "https://registry.npmjs.org/vscode-languageserver-types/-/vscode-languageserver-types-3.17.0-next.9.tgz"
  integrity sha512-9/PeDNPYduaoXRUzYpqmu4ZV9L01HGo0wH9FUt+sSHR7IXwA7xoXBfNUlv8gB9H0D2WwEmMomSy1NmhjKQyn3A==

vscode-languageserver-types@^3.15.1, vscode-languageserver-types@^3.16.0:
  version "3.16.0"
  resolved "https://registry.npmjs.org/vscode-languageserver-types/-/vscode-languageserver-types-3.16.0.tgz"
  integrity sha512-k8luDIWJWyenLc5ToFQQMaSrqCHiLwyKPHKPQZ5zz21vM+vIVUSvsRpcbiECH4WR88K2XZqc4ScRcZ7nk/jbeA==

vscode-languageserver@^8.0.0-next.2:
  version "8.0.0-next.10"
  resolved "https://registry.npmjs.org/vscode-languageserver/-/vscode-languageserver-8.0.0-next.10.tgz"
  integrity sha512-sdjldl9ipuBSWVw5ENVMRcOVQwF0o+J6+lNA7FrB8MiLmzflnfjRoJMqA5tCEY8S/J/+P56ZR/dqiQnRYg5m8w==
  dependencies:
    vscode-languageserver-protocol "3.17.0-next.16"

vscode-nls@^5.0.0:
  version "5.0.0"
  resolved "https://registry.npmjs.org/vscode-nls/-/vscode-nls-5.0.0.tgz"
  integrity sha512-u0Lw+IYlgbEJFF6/qAqG2d1jQmJl0eyAGJHoAJqr2HT4M2BNuQYSEiSE75f52pXHSJm8AlTjnLLbBFPrdz2hpA==

vscode-pug-languageservice@0.29.8:
  version "0.29.8"
  resolved "https://registry.npmjs.org/vscode-pug-languageservice/-/vscode-pug-languageservice-0.29.8.tgz"
  integrity sha512-QHYAzDSJLg7GOLxCZ12qsM0dAM0dPeMSS1t4kKfzLsfpErmZpFzkAIXbidVrNMdMffGZMtTuIlcpEyWHbx96Iw==
  dependencies:
    "@volar/code-gen" "0.29.8"
    "@volar/shared" "0.29.8"
    "@volar/source-map" "0.29.8"
    "@volar/transforms" "0.29.8"
    pug-lexer "^5.0.1"
    pug-parser "^6.0.0"
    vscode-languageserver "^8.0.0-next.2"

vscode-typescript-languageservice@0.29.8:
  version "0.29.8"
  resolved "https://registry.npmjs.org/vscode-typescript-languageservice/-/vscode-typescript-languageservice-0.29.8.tgz"
  integrity sha512-eecDqHk4WjEvy6VHQ6teHczppQ9yJO2wExCy7yu7WiFj35qbw0h4G6Erv46MvP3ClL8FggFzD7s1qM6vdqJUfw==
  dependencies:
    "@volar/shared" "0.29.8"
    semver "^7.3.5"
    upath "^2.0.1"
    vscode-languageserver "^8.0.0-next.2"
    vscode-languageserver-textdocument "^1.0.1"

vscode-uri@^2.1.2:
  version "2.1.2"
  resolved "https://registry.npmjs.org/vscode-uri/-/vscode-uri-2.1.2.tgz"
  integrity sha512-8TEXQxlldWAuIODdukIb+TR5s+9Ds40eSJrw+1iDDA9IFORPjMELarNQE3myz5XIkWWpdprmJjm1/SxMlWOC8A==

vscode-uri@^3.0.2, vscode-uri@^3.0.3:
  version "3.0.3"
  resolved "https://registry.npmjs.org/vscode-uri/-/vscode-uri-3.0.3.tgz"
  integrity sha512-EcswR2S8bpR7fD0YPeS7r2xXExrScVMxg4MedACaWHEtx9ftCF/qHG1xGkolzTPcEmjTavCQgbVzHUIdTMzFGA==

vscode-vue-languageservice@0.29.8:
  version "0.29.8"
  resolved "https://registry.npmjs.org/vscode-vue-languageservice/-/vscode-vue-languageservice-0.29.8.tgz"
  integrity sha512-qSJdvW5ttyGUB/8uWDKgo8vnIoFnXYlBP4Z/cn54btsRn6ZMw7IJGJU1381e7p/yGvMTLeGbugD53SghbnSa6g==
  dependencies:
    "@volar/code-gen" "0.29.8"
    "@volar/html2pug" "0.29.8"
    "@volar/shared" "0.29.8"
    "@volar/source-map" "0.29.8"
    "@volar/transforms" "0.29.8"
    "@volar/vue-code-gen" "0.29.8"
    "@vscode/emmet-helper" "^2.8.0"
    "@vue/reactivity" "^3.2.21"
    "@vue/shared" "^3.2.21"
    request-light "^0.5.4"
    upath "^2.0.1"
    vscode-css-languageservice "^5.1.7"
    vscode-html-languageservice "^4.1.0"
    vscode-json-languageservice "^4.1.8"
    vscode-languageserver "^8.0.0-next.2"
    vscode-languageserver-textdocument "^1.0.1"
    vscode-pug-languageservice "0.29.8"
    vscode-typescript-languageservice "0.29.8"

vue-demi@>=0.14.5:
  version "0.14.6"
  resolved "https://registry.yarnpkg.com/vue-demi/-/vue-demi-0.14.6.tgz#dc706582851dc1cdc17a0054f4fec2eb6df74c92"
  integrity sha512-8QA7wrYSHKaYgUxDA5ZC24w+eHm3sYCbp0EzcDwKqN3p6HqtTCGR/GVsPyZW92unff4UlcSh++lmqDWN3ZIq4w==

vue-router@^4.0.14:
  version "4.0.14"
  resolved "https://registry.npmjs.org/vue-router/-/vue-router-4.0.14.tgz"
  integrity sha512-wAO6zF9zxA3u+7AkMPqw9LjoUCjSxfFvINQj3E/DceTt6uEz1XZLraDhdg2EYmvVwTBSGlLYsUw8bDmx0754Mw==
  dependencies:
    "@vue/devtools-api" "^6.0.0"

vue-tsc@^0.29.8:
  version "0.29.8"
  resolved "https://registry.npmjs.org/vue-tsc/-/vue-tsc-0.29.8.tgz"
  integrity sha512-pT0wLRjvRuSmB+J4WJT6uuV9mO0KtSSXEAtaVXZQzyk5+DJdbLIQTbRce/TXSkfqt1l1WogO78RjtOJFiMCgfQ==
  dependencies:
    "@volar/shared" "0.29.8"
    vscode-vue-languageservice "0.29.8"

vue@3.3:
  version "3.3.13"
  resolved "https://registry.yarnpkg.com/vue/-/vue-3.3.13.tgz#f03098fa1b4e7cc88c133bef92260b55e3767002"
  integrity sha512-LDnUpQvDgsfc0u/YgtAgTMXJlJQqjkxW1PVcOnJA5cshPleULDjHi7U45pl2VJYazSSvLH8UKcid/kzH8I0a0Q==
  dependencies:
    "@vue/compiler-dom" "3.3.13"
    "@vue/compiler-sfc" "3.3.13"
    "@vue/runtime-dom" "3.3.13"
    "@vue/server-renderer" "3.3.13"
    "@vue/shared" "3.3.13"

with@^7.0.0:
  version "7.0.2"
  resolved "https://registry.npmjs.org/with/-/with-7.0.2.tgz"
  integrity sha512-RNGKj82nUPg3g5ygxkQl0R937xLyho1J24ItRCBTr/m1YnZkzJy1hUiHUJrc/VlsDQzsCnInEGSg3bci0Lmd4w==
  dependencies:
    "@babel/parser" "^7.9.6"
    "@babel/types" "^7.9.6"
    assert-never "^1.2.1"
    babel-walk "3.0.0-canary-5"

yallist@^4.0.0:
  version "4.0.0"
  resolved "https://registry.npmjs.org/yallist/-/yallist-4.0.0.tgz"
  integrity sha512-3wdGidZyq5PB084XLES5TpOSRA3wjXAlIWMhum2kRcv/41Sn2emQ0dycQW4uZXLejwKvg6EsvbdlVL+FYEct7A==
